
Microsoft Visual Studio Solution File, Format Version 12.00
# Visual Studio 15
VisualStudioVersion = 15.0.35213.121
MinimumVisualStudioVersion = 10.0.40219.1
Project("{FAE04EC0-301F-11D3-BF4B-00C04F79EFBC}") = "Overloading_2", "Overloading_2\Overloading_2.csproj", "{35D68694-73EB-48AE-9061-6F4B781EDD95}"
EndProject
Global
	GlobalSection(SolutionConfigurationPlatforms) = preSolution
		Debug|Any CPU = Debug|Any CPU
		Release|Any CPU = Release|Any CPU
	EndGlobalSection
	GlobalSection(ProjectConfigurationPlatforms) = postSolution
		{35D68694-73EB-48AE-9061-6F4B781EDD95}.Debug|Any CPU.ActiveCfg = Debug|Any CPU
		{35D68694-73EB-48AE-9061-6F4B781EDD95}.Debug|Any CPU.Build.0 = Debug|Any CPU
		{35D68694-73EB-48AE-9061-6F4B781EDD95}.Release|Any CPU.ActiveCfg = Release|Any CPU
		{35D68694-73EB-48AE-9061-6F4B781EDD95}.Release|Any CPU.Build.0 = Release|Any CPU
	EndGlobalSection
	GlobalSection(SolutionProperties) = preSolution
		HideSolutionNode = FALSE
	EndGlobalSection
	GlobalSection(ExtensibilityGlobals) = postSolution
		SolutionGuid = {5786F4EB-1CF9-413D-8777-607F86328EF8}
	EndGlobalSection
EndGlobal
