
Microsoft Visual Studio Solution File, Format Version 12.00
# Visual Studio 15
VisualStudioVersion = 15.0.35213.121
MinimumVisualStudioVersion = 10.0.40219.1
Project("{FAE04EC0-301F-11D3-BF4B-00C04F79EFBC}") = "Soru6", "Soru6\Soru6.csproj", "{304014BA-5573-42B8-BB81-F707E64D3562}"
EndProject
Global
	GlobalSection(SolutionConfigurationPlatforms) = preSolution
		Debug|Any CPU = Debug|Any CPU
		Release|Any CPU = Release|Any CPU
	EndGlobalSection
	GlobalSection(ProjectConfigurationPlatforms) = postSolution
		{304014BA-5573-42B8-BB81-F707E64D3562}.Debug|Any CPU.ActiveCfg = Debug|Any CPU
		{304014BA-5573-42B8-BB81-F707E64D3562}.Debug|Any CPU.Build.0 = Debug|Any CPU
		{304014BA-5573-42B8-BB81-F707E64D3562}.Release|Any CPU.ActiveCfg = Release|Any CPU
		{304014BA-5573-42B8-BB81-F707E64D3562}.Release|Any CPU.Build.0 = Release|Any CPU
	EndGlobalSection
	GlobalSection(SolutionProperties) = preSolution
		HideSolutionNode = FALSE
	EndGlobalSection
	GlobalSection(ExtensibilityGlobals) = postSolution
		SolutionGuid = {054FFD90-7D1C-4A54-9686-92D69818CA58}
	EndGlobalSection
EndGlobal
