
Microsoft Visual Studio Solution File, Format Version 12.00
# Visual Studio 15
VisualStudioVersion = 15.0.35213.121
MinimumVisualStudioVersion = 10.0.40219.1
Project("{FAE04EC0-301F-11D3-BF4B-00C04F79EFBC}") = "IlkHaftaSorular_2", "IlkHaftaSorular_2\IlkHaftaSorular_2.csproj", "{00818F60-9635-4E74-8F74-CBDB64A2FB5F}"
EndProject
Global
	GlobalSection(SolutionConfigurationPlatforms) = preSolution
		Debug|Any CPU = Debug|Any CPU
		Release|Any CPU = Release|Any CPU
	EndGlobalSection
	GlobalSection(ProjectConfigurationPlatforms) = postSolution
		{00818F60-9635-4E74-8F74-CBDB64A2FB5F}.Debug|Any CPU.ActiveCfg = Debug|Any CPU
		{00818F60-9635-4E74-8F74-CBDB64A2FB5F}.Debug|Any CPU.Build.0 = Debug|Any CPU
		{00818F60-9635-4E74-8F74-CBDB64A2FB5F}.Release|Any CPU.ActiveCfg = Release|Any CPU
		{00818F60-9635-4E74-8F74-CBDB64A2FB5F}.Release|Any CPU.Build.0 = Release|Any CPU
	EndGlobalSection
	GlobalSection(SolutionProperties) = preSolution
		HideSolutionNode = FALSE
	EndGlobalSection
	GlobalSection(ExtensibilityGlobals) = postSolution
		SolutionGuid = {4ADA150A-E42E-45BE-9DFB-DB98856DB476}
	EndGlobalSection
EndGlobal
