
Microsoft Visual Studio Solution File, Format Version 12.00
# Visual Studio 15
VisualStudioVersion = 15.0.35431.46
MinimumVisualStudioVersion = 10.0.40219.1
Project("{FAE04EC0-301F-11D3-BF4B-00C04F79EFBC}") = "Soru10", "Soru10\Soru10.csproj", "{EB4DD114-4E64-40A8-9098-C62F8A5820C2}"
EndProject
Global
	GlobalSection(SolutionConfigurationPlatforms) = preSolution
		Debug|Any CPU = Debug|Any CPU
		Release|Any CPU = Release|Any CPU
	EndGlobalSection
	GlobalSection(ProjectConfigurationPlatforms) = postSolution
		{EB4DD114-4E64-40A8-9098-C62F8A5820C2}.Debug|Any CPU.ActiveCfg = Debug|Any CPU
		{EB4DD114-4E64-40A8-9098-C62F8A5820C2}.Debug|Any CPU.Build.0 = Debug|Any CPU
		{EB4DD114-4E64-40A8-9098-C62F8A5820C2}.Release|Any CPU.ActiveCfg = Release|Any CPU
		{EB4DD114-4E64-40A8-9098-C62F8A5820C2}.Release|Any CPU.Build.0 = Release|Any CPU
	EndGlobalSection
	GlobalSection(SolutionProperties) = preSolution
		HideSolutionNode = FALSE
	EndGlobalSection
	GlobalSection(ExtensibilityGlobals) = postSolution
		SolutionGuid = {2D732B44-2BDF-4F55-B510-2F50C98A6EA3}
	EndGlobalSection
EndGlobal
