
Microsoft Visual Studio Solution File, Format Version 12.00
# Visual Studio 15
VisualStudioVersion = 15.0.35213.121
MinimumVisualStudioVersion = 10.0.40219.1
Project("{FAE04EC0-301F-11D3-BF4B-00C04F79EFBC}") = "Struct_1", "Struct_1\Struct_1.csproj", "{36B873BF-AC31-4A18-A4B3-6DA7AE214D61}"
EndProject
Global
	GlobalSection(SolutionConfigurationPlatforms) = preSolution
		Debug|Any CPU = Debug|Any CPU
		Release|Any CPU = Release|Any CPU
	EndGlobalSection
	GlobalSection(ProjectConfigurationPlatforms) = postSolution
		{36B873BF-AC31-4A18-A4B3-6DA7AE214D61}.Debug|Any CPU.ActiveCfg = Debug|Any CPU
		{36B873BF-AC31-4A18-A4B3-6DA7AE214D61}.Debug|Any CPU.Build.0 = Debug|Any CPU
		{36B873BF-AC31-4A18-A4B3-6DA7AE214D61}.Release|Any CPU.ActiveCfg = Release|Any CPU
		{36B873BF-AC31-4A18-A4B3-6DA7AE214D61}.Release|Any CPU.Build.0 = Release|Any CPU
	EndGlobalSection
	GlobalSection(SolutionProperties) = preSolution
		HideSolutionNode = FALSE
	EndGlobalSection
	GlobalSection(ExtensibilityGlobals) = postSolution
		SolutionGuid = {150F4853-0EF2-4FFE-BF1D-7C9F6A033BC1}
	EndGlobalSection
EndGlobal
