
Microsoft Visual Studio Solution File, Format Version 12.00
# Visual Studio 15
VisualStudioVersion = 15.0.35431.46
MinimumVisualStudioVersion = 10.0.40219.1
Project("{FAE04EC0-301F-11D3-BF4B-00C04F79EFBC}") = "Soru15", "Soru15\Soru15.csproj", "{9B87C841-B1E5-4033-B510-504AD9ABBC71}"
EndProject
Global
	GlobalSection(SolutionConfigurationPlatforms) = preSolution
		Debug|Any CPU = Debug|Any CPU
		Release|Any CPU = Release|Any CPU
	EndGlobalSection
	GlobalSection(ProjectConfigurationPlatforms) = postSolution
		{9B87C841-B1E5-4033-B510-504AD9ABBC71}.Debug|Any CPU.ActiveCfg = Debug|Any CPU
		{9B87C841-B1E5-4033-B510-504AD9ABBC71}.Debug|Any CPU.Build.0 = Debug|Any CPU
		{9B87C841-B1E5-4033-B510-504AD9ABBC71}.Release|Any CPU.ActiveCfg = Release|Any CPU
		{9B87C841-B1E5-4033-B510-504AD9ABBC71}.Release|Any CPU.Build.0 = Release|Any CPU
	EndGlobalSection
	GlobalSection(SolutionProperties) = preSolution
		HideSolutionNode = FALSE
	EndGlobalSection
	GlobalSection(ExtensibilityGlobals) = postSolution
		SolutionGuid = {543F5978-5C11-46BE-91F4-4182059DDABC}
	EndGlobalSection
EndGlobal
