
Microsoft Visual Studio Solution File, Format Version 12.00
# Visual Studio 15
VisualStudioVersion = 15.0.35213.121
MinimumVisualStudioVersion = 10.0.40219.1
Project("{FAE04EC0-301F-11D3-BF4B-00C04F79EFBC}") = "Indeksleyiciler_4", "Indeksleyiciler_4\Indeksleyiciler_4.csproj", "{FF52BBB5-291F-4689-96F1-1B96EA1194AB}"
EndProject
Global
	GlobalSection(SolutionConfigurationPlatforms) = preSolution
		Debug|Any CPU = Debug|Any CPU
		Release|Any CPU = Release|Any CPU
	EndGlobalSection
	GlobalSection(ProjectConfigurationPlatforms) = postSolution
		{FF52BBB5-291F-4689-96F1-1B96EA1194AB}.Debug|Any CPU.ActiveCfg = Debug|Any CPU
		{FF52BBB5-291F-4689-96F1-1B96EA1194AB}.Debug|Any CPU.Build.0 = Debug|Any CPU
		{FF52BBB5-291F-4689-96F1-1B96EA1194AB}.Release|Any CPU.ActiveCfg = Release|Any CPU
		{FF52BBB5-291F-4689-96F1-1B96EA1194AB}.Release|Any CPU.Build.0 = Release|Any CPU
	EndGlobalSection
	GlobalSection(SolutionProperties) = preSolution
		HideSolutionNode = FALSE
	EndGlobalSection
	GlobalSection(ExtensibilityGlobals) = postSolution
		SolutionGuid = {597C556F-CD93-460D-A569-7C20838E53C6}
	EndGlobalSection
EndGlobal
