
Microsoft Visual Studio Solution File, Format Version 12.00
# Visual Studio 15
VisualStudioVersion = 15.0.35213.121
MinimumVisualStudioVersion = 10.0.40219.1
Project("{FAE04EC0-301F-11D3-BF4B-00C04F79EFBC}") = "Enum_2", "Enum_2\Enum_2.csproj", "{AB52DDE5-4944-4865-A27C-7F13A665A128}"
EndProject
Global
	GlobalSection(SolutionConfigurationPlatforms) = preSolution
		Debug|Any CPU = Debug|Any CPU
		Release|Any CPU = Release|Any CPU
	EndGlobalSection
	GlobalSection(ProjectConfigurationPlatforms) = postSolution
		{AB52DDE5-4944-4865-A27C-7F13A665A128}.Debug|Any CPU.ActiveCfg = Debug|Any CPU
		{AB52DDE5-4944-4865-A27C-7F13A665A128}.Debug|Any CPU.Build.0 = Debug|Any CPU
		{AB52DDE5-4944-4865-A27C-7F13A665A128}.Release|Any CPU.ActiveCfg = Release|Any CPU
		{AB52DDE5-4944-4865-A27C-7F13A665A128}.Release|Any CPU.Build.0 = Release|Any CPU
	EndGlobalSection
	GlobalSection(SolutionProperties) = preSolution
		HideSolutionNode = FALSE
	EndGlobalSection
	GlobalSection(ExtensibilityGlobals) = postSolution
		SolutionGuid = {22BFC9CD-37FC-4496-8868-318832C3AEE9}
	EndGlobalSection
EndGlobal
