
Microsoft Visual Studio Solution File, Format Version 12.00
# Visual Studio 15
VisualStudioVersion = 15.0.35213.121
MinimumVisualStudioVersion = 10.0.40219.1
Project("{FAE04EC0-301F-11D3-BF4B-00C04F79EFBC}") = "Overloading_1", "Overloading_1\Overloading_1.csproj", "{8ED05FE2-9D49-4785-A209-F1964EDB340B}"
EndProject
Global
	GlobalSection(SolutionConfigurationPlatforms) = preSolution
		Debug|Any CPU = Debug|Any CPU
		Release|Any CPU = Release|Any CPU
	EndGlobalSection
	GlobalSection(ProjectConfigurationPlatforms) = postSolution
		{8ED05FE2-9D49-4785-A209-F1964EDB340B}.Debug|Any CPU.ActiveCfg = Debug|Any CPU
		{8ED05FE2-9D49-4785-A209-F1964EDB340B}.Debug|Any CPU.Build.0 = Debug|Any CPU
		{8ED05FE2-9D49-4785-A209-F1964EDB340B}.Release|Any CPU.ActiveCfg = Release|Any CPU
		{8ED05FE2-9D49-4785-A209-F1964EDB340B}.Release|Any CPU.Build.0 = Release|Any CPU
	EndGlobalSection
	GlobalSection(SolutionProperties) = preSolution
		HideSolutionNode = FALSE
	EndGlobalSection
	GlobalSection(ExtensibilityGlobals) = postSolution
		SolutionGuid = {377A3E7F-E062-493B-95BA-31386EE8B4FC}
	EndGlobalSection
EndGlobal
