
Microsoft Visual Studio Solution File, Format Version 12.00
# Visual Studio 15
VisualStudioVersion = 15.0.35213.121
MinimumVisualStudioVersion = 10.0.40219.1
Project("{FAE04EC0-301F-11D3-BF4B-00C04F79EFBC}") = "Soru2", "Soru2\Soru2.csproj", "{A62918DF-3305-4809-AE5F-46463EFB4635}"
EndProject
Global
	GlobalSection(SolutionConfigurationPlatforms) = preSolution
		Debug|Any CPU = Debug|Any CPU
		Release|Any CPU = Release|Any CPU
	EndGlobalSection
	GlobalSection(ProjectConfigurationPlatforms) = postSolution
		{A62918DF-3305-4809-AE5F-46463EFB4635}.Debug|Any CPU.ActiveCfg = Debug|Any CPU
		{A62918DF-3305-4809-AE5F-46463EFB4635}.Debug|Any CPU.Build.0 = Debug|Any CPU
		{A62918DF-3305-4809-AE5F-46463EFB4635}.Release|Any CPU.ActiveCfg = Release|Any CPU
		{A62918DF-3305-4809-AE5F-46463EFB4635}.Release|Any CPU.Build.0 = Release|Any CPU
	EndGlobalSection
	GlobalSection(SolutionProperties) = preSolution
		HideSolutionNode = FALSE
	EndGlobalSection
	GlobalSection(ExtensibilityGlobals) = postSolution
		SolutionGuid = {FEE5FBF8-6290-478D-AFC5-C6F89C802431}
	EndGlobalSection
EndGlobal
